{
  "name": "omega",
  "version": "0.0.1",
  "lockfileVersion": 2,
  "requires": true,
  "packages": {
    "": {
      "version": "0.0.1",
      "license": "MIT",
      "dependencies": {
        "saman": "^0.0.3",
        "styp": "^0.0.2"
      }
    },
    "node_modules/saman": {
      "version": "0.0.3",
      "resolved": "https://registry.npmjs.org/saman/-/saman-0.0.3.tgz",
      "integrity": "sha512-5k8X5M3W7M7/eLaf9locmTbgbaCU5qNeRfzrtJfcwb+jrsxRl4TNME8cD883pI69cn8em9qoZMjJw0t3/ouF3w=="
    },
    "node_modules/styp": {
      "version": "0.0.2",
      "resolved": "https://registry.npmjs.org/styp/-/styp-0.0.2.tgz",
      "integrity": "sha512-HQLYzoNXzIbqKrEVYLMuqn5CYvBg2NlFsPQMwO7vrUpmRTchhuTetl2VdeH0HVUoAADTBpemYWNESPGl3AzhrQ=="
    }
  },
  "dependencies": {
    "saman": {
      "version": "0.0.3",
      "resolved": "https://registry.npmjs.org/saman/-/saman-0.0.3.tgz",
      "integrity": "sha512-5k8X5M3W7M7/eLaf9locmTbgbaCU5qNeRfzrtJfcwb+jrsxRl4TNME8cD883pI69cn8em9qoZMjJw0t3/ouF3w=="
    },
    "styp": {
      "version": "0.0.2",
      "resolved": "https://registry.npmjs.org/styp/-/styp-0.0.2.tgz",
      "integrity": "sha512-HQLYzoNXzIbqKrEVYLMuqn5CYvBg2NlFsPQMwO7vrUpmRTchhuTetl2VdeH0HVUoAADTBpemYWNESPGl3AzhrQ=="
    }
  }
}
